
Microsoft Visual Studio Solution File, Format Version 12.00
Project("{FAE04EC0-301F-11D3-BF4B-00C04F79EFBC}") = "WordsCollection", "WordsCollection.csproj", "{A7E0FE1F-7453-4035-AFFA-AD94A17F40EC}"
EndProject
Global
	GlobalSection(SolutionConfigurationPlatforms) = preSolution
		Debug|Any CPU = Debug|Any CPU
		Release|Any CPU = Release|Any CPU
	EndGlobalSection
	GlobalSection(ProjectConfigurationPlatforms) = postSolution
		{A7E0FE1F-7453-4035-AFFA-AD94A17F40EC}.Debug|Any CPU.ActiveCfg = Debug|Any CPU
		{A7E0FE1F-7453-4035-AFFA-AD94A17F40EC}.Debug|Any CPU.Build.0 = Debug|Any CPU
		{A7E0FE1F-7453-4035-AFFA-AD94A17F40EC}.Release|Any CPU.ActiveCfg = Release|Any CPU
		{A7E0FE1F-7453-4035-AFFA-AD94A17F40EC}.Release|Any CPU.Build.0 = Release|Any CPU
	EndGlobalSection
EndGlobal
